
Microsoft Visual Studio Solution File, Format Version 12.00
# Visual Studio Version 17
VisualStudioVersion = 17.12.35506.116 d17.12
MinimumVisualStudioVersion = 10.0.40219.1
Project("{FAE04EC0-301F-11D3-BF4B-00C04F79EFBC}") = "BillSearchTool", "BillSearchTool\BillSearchTool.csproj", "{AFF35480-D90E-4E64-8A29-C3B71615668F}"
EndProject
Global
	GlobalSection(SolutionConfigurationPlatforms) = preSolution
		Debug|Any CPU = Debug|Any CPU
		Release|Any CPU = Release|Any CPU
	EndGlobalSection
	GlobalSection(ProjectConfigurationPlatforms) = postSolution
		{AFF35480-D90E-4E64-8A29-C3B71615668F}.Debug|Any CPU.ActiveCfg = Debug|Any CPU
		{AFF35480-D90E-4E64-8A29-C3B71615668F}.Debug|Any CPU.Build.0 = Debug|Any CPU
		{AFF35480-D90E-4E64-8A29-C3B71615668F}.Release|Any CPU.ActiveCfg = Release|Any CPU
		{AFF35480-D90E-4E64-8A29-C3B71615668F}.Release|Any CPU.Build.0 = Release|Any CPU
	EndGlobalSection
	GlobalSection(SolutionProperties) = preSolution
		HideSolutionNode = FALSE
	EndGlobalSection
EndGlobal
